// !$*UTF8*$!
{
	archiveVersion = 1;
	classes = {
	};
	objectVersion = 46;
	objects = {

/* Begin PBXBuildFile section */
		ED305A3A1BA150A6008FAD0C /* main.m in Sources */ = {isa = PBXBuildFile; fileRef = ED305A391BA150A6008FAD0C /* main.m */; };
		ED305A3D1BA150A6008FAD0C /* AppDelegate.m in Sources */ = {isa = PBXBuildFile; fileRef = ED305A3C1BA150A6008FAD0C /* AppDelegate.m */; };
		ED305A401BA150A6008FAD0C /* ShopFloor.xcdatamodeld in Sources */ = {isa = PBXBuildFile; fileRef = ED305A3E1BA150A6008FAD0C /* ShopFloor.xcdatamodeld */; };
		ED305A431BA150A6008FAD0C /* ViewController.m in Sources */ = {isa = PBXBuildFile; fileRef = ED305A421BA150A6008FAD0C /* ViewController.m */; };
		ED305A461BA150A6008FAD0C /* Main.storyboard in Resources */ = {isa = PBXBuildFile; fileRef = ED305A441BA150A6008FAD0C /* Main.storyboard */; };
		ED305A481BA150A6008FAD0C /* Images.xcassets in Resources */ = {isa = PBXBuildFile; fileRef = ED305A471BA150A6008FAD0C /* Images.xcassets */; };
		ED305A4B1BA150A6008FAD0C /* LaunchScreen.xib in Resources */ = {isa = PBXBuildFile; fileRef = ED305A491BA150A6008FAD0C /* LaunchScreen.xib */; };
		ED305A571BA150A6008FAD0C /* ShopFloorTests.m in Sources */ = {isa = PBXBuildFile; fileRef = ED305A561BA150A6008FAD0C /* ShopFloorTests.m */; };
/* End PBXBuildFile section */

/* Begin PBXContainerItemProxy section */
		ED305A511BA150A6008FAD0C /* PBXContainerItemProxy */ = {
			isa = PBXContainerItemProxy;
			containerPortal = ED305A2C1BA150A6008FAD0C /* Project object */;
			proxyType = 1;
			remoteGlobalIDString = ED305A331BA150A6008FAD0C;
			remoteInfo = ShopFloor;
		};
/* End PBXContainerItemProxy section */

/* Begin PBXFileReference section */
		ED305A341BA150A6008FAD0C /* ShopFloor.app */ = {isa = PBXFileReference; explicitFileType = wrapper.application; includeInIndex = 0; path = ShopFloor.app; sourceTree = BUILT_PRODUCTS_DIR; };
		ED305A381BA150A6008FAD0C /* Info.plist */ = {isa = PBXFileReference; lastKnownFileType = text.plist.xml; path = Info.plist; sourceTree = "<group>"; };
		ED305A391BA150A6008FAD0C /* main.m */ = {isa = PBXFileReference; lastKnownFileType = sourcecode.c.objc; path = main.m; sourceTree = "<group>"; };
		ED305A3B1BA150A6008FAD0C /* AppDelegate.h */ = {isa = PBXFileReference; lastKnownFileType = sourcecode.c.h; path = AppDelegate.h; sourceTree = "<group>"; };
		ED305A3C1BA150A6008FAD0C /* AppDelegate.m */ = {isa = PBXFileReference; lastKnownFileType = sourcecode.c.objc; path = AppDelegate.m; sourceTree = "<group>"; };
		ED305A3F1BA150A6008FAD0C /* ShopFloor.xcdatamodel */ = {isa = PBXFileReference; lastKnownFileType = wrapper.xcdatamodel; path = ShopFloor.xcdatamodel; sourceTree = "<group>"; };
		ED305A411BA150A6008FAD0C /* ViewController.h */ = {isa = PBXFileReference; lastKnownFileType = sourcecode.c.h; path = ViewController.h; sourceTree = "<group>"; };
		ED305A421BA150A6008FAD0C /* ViewController.m */ = {isa = PBXFileReference; lastKnownFileType = sourcecode.c.objc; path = ViewController.m; sourceTree = "<group>"; };
		ED305A451BA150A6008FAD0C /* Base */ = {isa = PBXFileReference; lastKnownFileType = file.storyboard; name = Base; path = Base.lproj/Main.storyboard; sourceTree = "<group>"; };
		ED305A471BA150A6008FAD0C /* Images.xcassets */ = {isa = PBXFileReference; lastKnownFileType = folder.assetcatalog; path = Images.xcassets; sourceTree = "<group>"; };
		ED305A4A1BA150A6008FAD0C /* Base */ = {isa = PBXFileReference; lastKnownFileType = file.xib; name = Base; path = Base.lproj/LaunchScreen.xib; sourceTree = "<group>"; };
		ED305A501BA150A6008FAD0C /* ShopFloorTests.xctest */ = {isa = PBXFileReference; explicitFileType = wrapper.cfbundle; includeInIndex = 0; path = ShopFloorTests.xctest; sourceTree = BUILT_PRODUCTS_DIR; };
		ED305A551BA150A6008FAD0C /* Info.plist */ = {isa = PBXFileReference; lastKnownFileType = text.plist.xml; path = Info.plist; sourceTree = "<group>"; };
		ED305A561BA150A6008FAD0C /* ShopFloorTests.m */ = {isa = PBXFileReference; lastKnownFileType = sourcecode.c.objc; path = ShopFloorTests.m; sourceTree = "<group>"; };
/* End PBXFileReference section */

/* Begin PBXFrameworksBuildPhase section */
		ED305A311BA150A6008FAD0C /* Frameworks */ = {
			isa = PBXFrameworksBuildPhase;
			buildActionMask = 2147483647;
			files = (
			);
			runOnlyForDeploymentPostprocessing = 0;
		};
		ED305A4D1BA150A6008FAD0C /* Frameworks */ = {
			isa = PBXFrameworksBuildPhase;
			buildActionMask = 2147483647;
			files = (
			);
			runOnlyForDeploymentPostprocessing = 0;
		};
/* End PBXFrameworksBuildPhase section */

/* Begin PBXGroup section */
		ED305A2B1BA150A6008FAD0C = {
			isa = PBXGroup;
			children = (
				ED305A361BA150A6008FAD0C /* ShopFloor */,
				ED305A531BA150A6008FAD0C /* ShopFloorTests */,
				ED305A351BA150A6008FAD0C /* Products */,
			);
			sourceTree = "<group>";
		};
		ED305A351BA150A6008FAD0C /* Products */ = {
			isa = PBXGroup;
			children = (
				ED305A341BA150A6008FAD0C /* ShopFloor.app */,
				ED305A501BA150A6008FAD0C /* ShopFloorTests.xctest */,
			);
			name = Products;
			sourceTree = "<group>";
		};
		ED305A361BA150A6008FAD0C /* ShopFloor */ = {
			isa = PBXGroup;
			children = (
				ED305A3B1BA150A6008FAD0C /* AppDelegate.h */,
				ED305A3C1BA150A6008FAD0C /* AppDelegate.m */,
				ED305A411BA150A6008FAD0C /* ViewController.h */,
				ED305A421BA150A6008FAD0C /* ViewController.m */,
				ED305A441BA150A6008FAD0C /* Main.storyboard */,
				ED305A471BA150A6008FAD0C /* Images.xcassets */,
				ED305A491BA150A6008FAD0C /* LaunchScreen.xib */,
				ED305A3E1BA150A6008FAD0C /* ShopFloor.xcdatamodeld */,
				ED305A371BA150A6008FAD0C /* Supporting Files */,
			);
			path = ShopFloor;
			sourceTree = "<group>";
		};
		ED305A371BA150A6008FAD0C /* Supporting Files */ = {
			isa = PBXGroup;
			children = (
				ED305A381BA150A6008FAD0C /* Info.plist */,
				ED305A391BA150A6008FAD0C /* main.m */,
			);
			name = "Supporting Files";
			sourceTree = "<group>";
		};
		ED305A531BA150A6008FAD0C /* ShopFloorTests */ = {
			isa = PBXGroup;
			children = (
				ED305A561BA150A6008FAD0C /* ShopFloorTests.m */,
				ED305A541BA150A6008FAD0C /* Supporting Files */,
			);
			path = ShopFloorTests;
			sourceTree = "<group>";
		};
		ED305A541BA150A6008FAD0C /* Supporting Files */ = {
			isa = PBXGroup;
			children = (
				ED305A551BA150A6008FAD0C /* Info.plist */,
			);
			name = "Supporting Files";
			sourceTree = "<group>";
		};
/* End PBXGroup section */

/* Begin PBXNativeTarget section */
		ED305A331BA150A6008FAD0C /* ShopFloor */ = {
			isa = PBXNativeTarget;
			buildConfigurationList = ED305A5A1BA150A6008FAD0C /* Build configuration list for PBXNativeTarget "ShopFloor" */;
			buildPhases = (
				ED305A301BA150A6008FAD0C /* Sources */,
				ED305A311BA150A6008FAD0C /* Frameworks */,
				ED305A321BA150A6008FAD0C /* Resources */,
			);
			buildRules = (
			);
			dependencies = (
			);
			name = ShopFloor;
			productName = ShopFloor;
			productReference = ED305A341BA150A6008FAD0C /* ShopFloor.app */;
			productType = "com.apple.product-type.application";
		};
		ED305A4F1BA150A6008FAD0C /* ShopFloorTests */ = {
			isa = PBXNativeTarget;
			buildConfigurationList = ED305A5D1BA150A6008FAD0C /* Build configuration list for PBXNativeTarget "ShopFloorTests" */;
			buildPhases = (
				ED305A4C1BA150A6008FAD0C /* Sources */,
				ED305A4D1BA150A6008FAD0C /* Frameworks */,
				ED305A4E1BA150A6008FAD0C /* Resources */,
			);
			buildRules = (
			);
			dependencies = (
				ED305A521BA150A6008FAD0C /* PBXTargetDependency */,
			);
			name = ShopFloorTests;
			productName = ShopFloorTests;
			productReference = ED305A501BA150A6008FAD0C /* ShopFloorTests.xctest */;
			productType = "com.apple.product-type.bundle.unit-test";
		};
/* End PBXNativeTarget section */

/* Begin PBXProject section */
		ED305A2C1BA150A6008FAD0C /* Project object */ = {
			isa = PBXProject;
			attributes = {
				LastUpgradeCheck = 0640;
				ORGANIZATIONNAME = Infosys;
				TargetAttributes = {
					ED305A331BA150A6008FAD0C = {
						CreatedOnToolsVersion = 6.4;
					};
					ED305A4F1BA150A6008FAD0C = {
						CreatedOnToolsVersion = 6.4;
						TestTargetID = ED305A331BA150A6008FAD0C;
					};
				};
			};
			buildConfigurationList = ED305A2F1BA150A6008FAD0C /* Build configuration list for PBXProject "ShopFloor" */;
			compatibilityVersion = "Xcode 3.2";
			developmentRegion = English;
			hasScannedForEncodings = 0;
			knownRegions = (
				en,
				Base,
			);
			mainGroup = ED305A2B1BA150A6008FAD0C;
			productRefGroup = ED305A351BA150A6008FAD0C /* Products */;
			projectDirPath = "";
			projectRoot = "";
			targets = (
				ED305A331BA150A6008FAD0C /* ShopFloor */,
				ED305A4F1BA150A6008FAD0C /* ShopFloorTests */,
			);
		};
/* End PBXProject section */

/* Begin PBXResourcesBuildPhase section */
		ED305A321BA150A6008FAD0C /* Resources */ = {
			isa = PBXResourcesBuildPhase;
			buildActionMask = 2147483647;
			files = (
				ED305A461BA150A6008FAD0C /* Main.storyboard in Resources */,
				ED305A4B1BA150A6008FAD0C /* LaunchScreen.xib in Resources */,
				ED305A481BA150A6008FAD0C /* Images.xcassets in Resources */,
			);
			runOnlyForDeploymentPostprocessing = 0;
		};
		ED305A4E1BA150A6008FAD0C /* Resources */ = {
			isa = PBXResourcesBuildPhase;
			buildActionMask = 2147483647;
			files = (
			);
			runOnlyForDeploymentPostprocessing = 0;
		};
/* End PBXResourcesBuildPhase section */

/* Begin PBXSourcesBuildPhase section */
		ED305A301BA150A6008FAD0C /* Sources */ = {
			isa = PBXSourcesBuildPhase;
			buildActionMask = 2147483647;
			files = (
				ED305A3D1BA150A6008FAD0C /* AppDelegate.m in Sources */,
				ED305A401BA150A6008FAD0C /* ShopFloor.xcdatamodeld in Sources */,
				ED305A431BA150A6008FAD0C /* ViewController.m in Sources */,
				ED305A3A1BA150A6008FAD0C /* main.m in Sources */,
			);
			runOnlyForDeploymentPostprocessing = 0;
		};
		ED305A4C1BA150A6008FAD0C /* Sources */ = {
			isa = PBXSourcesBuildPhase;
			buildActionMask = 2147483647;
			files = (
				ED305A571BA150A6008FAD0C /* ShopFloorTests.m in Sources */,
			);
			runOnlyForDeploymentPostprocessing = 0;
		};
/* End PBXSourcesBuildPhase section */

/* Begin PBXTargetDependency section */
		ED305A521BA150A6008FAD0C /* PBXTargetDependency */ = {
			isa = PBXTargetDependency;
			target = ED305A331BA150A6008FAD0C /* ShopFloor */;
			targetProxy = ED305A511BA150A6008FAD0C /* PBXContainerItemProxy */;
		};
/* End PBXTargetDependency section */

/* Begin PBXVariantGroup section */
		ED305A441BA150A6008FAD0C /* Main.storyboard */ = {
			isa = PBXVariantGroup;
			children = (
				ED305A451BA150A6008FAD0C /* Base */,
			);
			name = Main.storyboard;
			sourceTree = "<group>";
		};
		ED305A491BA150A6008FAD0C /* LaunchScreen.xib */ = {
			isa = PBXVariantGroup;
			children = (
				ED305A4A1BA150A6008FAD0C /* Base */,
			);
			name = LaunchScreen.xib;
			sourceTree = "<group>";
		};
/* End PBXVariantGroup section */

/* Begin XCBuildConfiguration section */
		ED305A581BA150A6008FAD0C /* Debug */ = {
			isa = XCBuildConfiguration;
			buildSettings = {
				ALWAYS_SEARCH_USER_PATHS = NO;
				CLANG_CXX_LANGUAGE_STANDARD = "gnu++0x";
				CLANG_CXX_LIBRARY = "libc++";
				CLANG_ENABLE_MODULES = YES;
				CLANG_ENABLE_OBJC_ARC = YES;
				CLANG_WARN_BOOL_CONVERSION = YES;
				CLANG_WARN_CONSTANT_CONVERSION = YES;
				CLANG_WARN_DIRECT_OBJC_ISA_USAGE = YES_ERROR;
				CLANG_WARN_EMPTY_BODY = YES;
				CLANG_WARN_ENUM_CONVERSION = YES;
				CLANG_WARN_INT_CONVERSION = YES;
				CLANG_WARN_OBJC_ROOT_CLASS = YES_ERROR;
				CLANG_WARN_UNREACHABLE_CODE = YES;
				CLANG_WARN__DUPLICATE_METHOD_MATCH = YES;
				"CODE_SIGN_IDENTITY[sdk=iphoneos*]" = "iPhone Developer";
				COPY_PHASE_STRIP = NO;
				DEBUG_INFORMATION_FORMAT = "dwarf-with-dsym";
				ENABLE_STRICT_OBJC_MSGSEND = YES;
				GCC_C_LANGUAGE_STANDARD = gnu99;
				GCC_DYNAMIC_NO_PIC = NO;
				GCC_NO_COMMON_BLOCKS = YES;
				GCC_OPTIMIZATION_LEVEL = 0;
				GCC_PREPROCESSOR_DEFINITIONS = (
					"DEBUG=1",
					"$(inherited)",
				);
				GCC_SYMBOLS_PRIVATE_EXTERN = NO;
				GCC_WARN_64_TO_32_BIT_CONVERSION = YES;
				GCC_WARN_ABOUT_RETURN_TYPE = YES_ERROR;
				GCC_WARN_UNDECLARED_SELECTOR = YES;
				GCC_WARN_UNINITIALIZED_AUTOS = YES_AGGRESSIVE;
				GCC_WARN_UNUSED_FUNCTION = YES;
				GCC_WARN_UNUSED_VARIABLE = YES;
				IPHONEOS_DEPLOYMENT_TARGET = 8.4;
				MTL_ENABLE_DEBUG_INFO = YES;
				ONLY_ACTIVE_ARCH = YES;
				SDKROOT = iphoneos;
				TARGETED_DEVICE_FAMILY = "1,2";
			};
			name = Debug;
		};
		ED305A591BA150A6008FAD0C /* Release */ = {
			isa = XCBuildConfiguration;
			buildSettings = {
				ALWAYS_SEARCH_USER_PATHS = NO;
				CLANG_CXX_LANGUAGE_STANDARD = "gnu++0x";
				CLANG_CXX_LIBRARY = "libc++";
				CLANG_ENABLE_MODULES = YES;
				CLANG_ENABLE_OBJC_ARC = YES;
				CLANG_WARN_BOOL_CONVERSION = YES;
				CLANG_WARN_CONSTANT_CONVERSION = YES;
				CLANG_WARN_DIRECT_OBJC_ISA_USAGE = YES_ERROR;
				CLANG_WARN_EMPTY_BODY = YES;
				CLANG_WARN_ENUM_CONVERSION = YES;
				CLANG_WARN_INT_CONVERSION = YES;
				CLANG_WARN_OBJC_ROOT_CLASS = YES_ERROR;
				CLANG_WARN_UNREACHABLE_CODE = YES;
				CLANG_WARN__DUPLICATE_METHOD_MATCH = YES;
				"CODE_SIGN_IDENTITY[sdk=iphoneos*]" = "iPhone Developer";
				COPY_PHASE_STRIP = NO;
				DEBUG_INFORMATION_FORMAT = "dwarf-with-dsym";
				ENABLE_NS_ASSERTIONS = NO;
				ENABLE_STRICT_OBJC_MSGSEND = YES;
				GCC_C_LANGUAGE_STANDARD = gnu99;
				GCC_NO_COMMON_BLOCKS = YES;
				GCC_WARN_64_TO_32_BIT_CONVERSION = YES;
				GCC_WARN_ABOUT_RETURN_TYPE = YES_ERROR;
				GCC_WARN_UNDECLARED_SELECTOR = YES;
				GCC_WARN_UNINITIALIZED_AUTOS = YES_AGGRESSIVE;
				GCC_WARN_UNUSED_FUNCTION = YES;
				GCC_WARN_UNUSED_VARIABLE = YES;
				IPHONEOS_DEPLOYMENT_TARGET = 8.4;
				MTL_ENABLE_DEBUG_INFO = NO;
				SDKROOT = iphoneos;
				TARGETED_DEVICE_FAMILY = "1,2";
				VALIDATE_PRODUCT = YES;
			};
			name = Release;
		};
		ED305A5B1BA150A6008FAD0C /* Debug */ = {
			isa = XCBuildConfiguration;
			buildSettings = {
				ASSETCATALOG_COMPILER_APPICON_NAME = AppIcon;
				INFOPLIST_FILE = ShopFloor/Info.plist;
				LD_RUNPATH_SEARCH_PATHS = "$(inherited) @executable_path/Frameworks";
				PRODUCT_NAME = "$(TARGET_NAME)";
			};
			name = Debug;
		};
		ED305A5C1BA150A6008FAD0C /* Release */ = {
			isa = XCBuildConfiguration;
			buildSettings = {
				ASSETCATALOG_COMPILER_APPICON_NAME = AppIcon;
				INFOPLIST_FILE = ShopFloor/Info.plist;
				LD_RUNPATH_SEARCH_PATHS = "$(inherited) @executable_path/Frameworks";
				PRODUCT_NAME = "$(TARGET_NAME)";
			};
			name = Release;
		};
		ED305A5E1BA150A6008FAD0C /* Debug */ = {
			isa = XCBuildConfiguration;
			buildSettings = {
				BUNDLE_LOADER = "$(TEST_HOST)";
				FRAMEWORK_SEARCH_PATHS = (
					"$(SDKROOT)/Developer/Library/Frameworks",
					"$(inherited)",
				);
				GCC_PREPROCESSOR_DEFINITIONS = (
					"DEBUG=1",
					"$(inherited)",
				);
				INFOPLIST_FILE = ShopFloorTests/Info.plist;
				LD_RUNPATH_SEARCH_PATHS = "$(inherited) @executable_path/Frameworks @loader_path/Frameworks";
				PRODUCT_NAME = "$(TARGET_NAME)";
				TEST_HOST = "$(BUILT_PRODUCTS_DIR)/ShopFloor.app/ShopFloor";
			};
			name = Debug;
		};
		ED305A5F1BA150A6008FAD0C /* Release */ = {
			isa = XCBuildConfiguration;
			buildSettings = {
				BUNDLE_LOADER = "$(TEST_HOST)";
				FRAMEWORK_SEARCH_PATHS = (
					"$(SDKROOT)/Developer/Library/Frameworks",
					"$(inherited)",
				);
				INFOPLIST_FILE = ShopFloorTests/Info.plist;
				LD_RUNPATH_SEARCH_PATHS = "$(inherited) @executable_path/Frameworks @loader_path/Frameworks";
				PRODUCT_NAME = "$(TARGET_NAME)";
				TEST_HOST = "$(BUILT_PRODUCTS_DIR)/ShopFloor.app/ShopFloor";
			};
			name = Release;
		};
/* End XCBuildConfiguration section */

/* Begin XCConfigurationList section */
		ED305A2F1BA150A6008FAD0C /* Build configuration list for PBXProject "ShopFloor" */ = {
			isa = XCConfigurationList;
			buildConfigurations = (
				ED305A581BA150A6008FAD0C /* Debug */,
				ED305A591BA150A6008FAD0C /* Release */,
			);
			defaultConfigurationIsVisible = 0;
			defaultConfigurationName = Release;
		};
		ED305A5A1BA150A6008FAD0C /* Build configuration list for PBXNativeTarget "ShopFloor" */ = {
			isa = XCConfigurationList;
			buildConfigurations = (
				ED305A5B1BA150A6008FAD0C /* Debug */,
				ED305A5C1BA150A6008FAD0C /* Release */,
			);
			defaultConfigurationIsVisible = 0;
		};
		ED305A5D1BA150A6008FAD0C /* Build configuration list for PBXNativeTarget "ShopFloorTests" */ = {
			isa = XCConfigurationList;
			buildConfigurations = (
				ED305A5E1BA150A6008FAD0C /* Debug */,
				ED305A5F1BA150A6008FAD0C /* Release */,
			);
			defaultConfigurationIsVisible = 0;
		};
/* End XCConfigurationList section */

/* Begin XCVersionGroup section */
		ED305A3E1BA150A6008FAD0C /* ShopFloor.xcdatamodeld */ = {
			isa = XCVersionGroup;
			children = (
				ED305A3F1BA150A6008FAD0C /* ShopFloor.xcdatamodel */,
			);
			currentVersion = ED305A3F1BA150A6008FAD0C /* ShopFloor.xcdatamodel */;
			path = ShopFloor.xcdatamodeld;
			sourceTree = "<group>";
			versionGroupType = wrapper.xcdatamodel;
		};
/* End XCVersionGroup section */
	};
	rootObject = ED305A2C1BA150A6008FAD0C /* Project object */;
}
