// !$*UTF8*$!
{
	archiveVersion = 1;
	classes = {
	};
	objectVersion = 46;
	objects = {

/* Begin PBXBuildFile section */
		ED305A3A1BA150A6008FAD0C /* main.m in Sources */ = {isa = PBXBuildFile; fileRef = ED305A391BA150A6008FAD0C /* main.m */; };
		ED305A3D1BA150A6008FAD0C /* AppDelegate.m in Sources */ = {isa = PBXBuildFile; fileRef = ED305A3C1BA150A6008FAD0C /* AppDelegate.m */; };
		ED305A401BA150A6008FAD0C /* ShopFloor.xcdatamodeld in Sources */ = {isa = PBXBuildFile; fileRef = ED305A3E1BA150A6008FAD0C /* ShopFloor.xcdatamodeld */; };
		ED305A461BA150A6008FAD0C /* Main.storyboard in Resources */ = {isa = PBXBuildFile; fileRef = ED305A441BA150A6008FAD0C /* Main.storyboard */; };
		ED305A481BA150A6008FAD0C /* Images.xcassets in Resources */ = {isa = PBXBuildFile; fileRef = ED305A471BA150A6008FAD0C /* Images.xcassets */; };
		ED305A4B1BA150A6008FAD0C /* LaunchScreen.xib in Resources */ = {isa = PBXBuildFile; fileRef = ED305A491BA150A6008FAD0C /* LaunchScreen.xib */; };
		ED305A571BA150A6008FAD0C /* ShopFloorTests.m in Sources */ = {isa = PBXBuildFile; fileRef = ED305A561BA150A6008FAD0C /* ShopFloorTests.m */; };
		ED305A631BA1514D008FAD0C /* LoginViewController.m in Sources */ = {isa = PBXBuildFile; fileRef = ED305A611BA1514D008FAD0C /* LoginViewController.m */; };
		ED305A6E1BA15284008FAD0C /* Global.m in Sources */ = {isa = PBXBuildFile; fileRef = ED305A6D1BA15284008FAD0C /* Global.m */; };
		ED305A741BA17D32008FAD0C /* TabBarViewController.m in Sources */ = {isa = PBXBuildFile; fileRef = ED305A731BA17D32008FAD0C /* TabBarViewController.m */; };
		ED305A771BA17EE6008FAD0C /* DashboardViewController.m in Sources */ = {isa = PBXBuildFile; fileRef = ED305A761BA17EE6008FAD0C /* DashboardViewController.m */; };
		ED305A7A1BA1812F008FAD0C /* ApplicationViewController.m in Sources */ = {isa = PBXBuildFile; fileRef = ED305A791BA1812F008FAD0C /* ApplicationViewController.m */; };
		ED305A7D1BA18141008FAD0C /* ReportsViewController.m in Sources */ = {isa = PBXBuildFile; fileRef = ED305A7C1BA18141008FAD0C /* ReportsViewController.m */; };
		ED305A811BA18906008FAD0C /* HomeTableViewCell.m in Sources */ = {isa = PBXBuildFile; fileRef = ED305A801BA18906008FAD0C /* HomeTableViewCell.m */; };
		ED305A841BA189DF008FAD0C /* NCMViewController.m in Sources */ = {isa = PBXBuildFile; fileRef = ED305A831BA189DF008FAD0C /* NCMViewController.m */; };
		ED305A871BA190E7008FAD0C /* VersionViewController.m in Sources */ = {isa = PBXBuildFile; fileRef = ED305A861BA190E7008FAD0C /* VersionViewController.m */; };
		ED305A8A1BA1A378008FAD0C /* PrinterViewController.m in Sources */ = {isa = PBXBuildFile; fileRef = ED305A891BA1A378008FAD0C /* PrinterViewController.m */; };
		ED305A8D1BA1A674008FAD0C /* APIsManager.m in Sources */ = {isa = PBXBuildFile; fileRef = ED305A8C1BA1A674008FAD0C /* APIsManager.m */; };
		ED305AA21BA1A69B008FAD0C /* AFHTTPRequestOperation.m in Sources */ = {isa = PBXBuildFile; fileRef = ED305A901BA1A69B008FAD0C /* AFHTTPRequestOperation.m */; };
		ED305AA31BA1A69B008FAD0C /* AFHTTPRequestOperationManager.m in Sources */ = {isa = PBXBuildFile; fileRef = ED305A921BA1A69B008FAD0C /* AFHTTPRequestOperationManager.m */; };
		ED305AA41BA1A69B008FAD0C /* AFHTTPSessionManager.m in Sources */ = {isa = PBXBuildFile; fileRef = ED305A941BA1A69B008FAD0C /* AFHTTPSessionManager.m */; };
		ED305AA51BA1A69B008FAD0C /* AFNetworkReachabilityManager.m in Sources */ = {isa = PBXBuildFile; fileRef = ED305A971BA1A69B008FAD0C /* AFNetworkReachabilityManager.m */; };
		ED305AA61BA1A69B008FAD0C /* AFSecurityPolicy.m in Sources */ = {isa = PBXBuildFile; fileRef = ED305A991BA1A69B008FAD0C /* AFSecurityPolicy.m */; };
		ED305AA71BA1A69B008FAD0C /* AFURLConnectionOperation.m in Sources */ = {isa = PBXBuildFile; fileRef = ED305A9B1BA1A69B008FAD0C /* AFURLConnectionOperation.m */; };
		ED305AA81BA1A69B008FAD0C /* AFURLRequestSerialization.m in Sources */ = {isa = PBXBuildFile; fileRef = ED305A9D1BA1A69B008FAD0C /* AFURLRequestSerialization.m */; };
		ED305AA91BA1A69B008FAD0C /* AFURLResponseSerialization.m in Sources */ = {isa = PBXBuildFile; fileRef = ED305A9F1BA1A69B008FAD0C /* AFURLResponseSerialization.m */; };
		ED305AAA1BA1A69B008FAD0C /* AFURLSessionManager.m in Sources */ = {isa = PBXBuildFile; fileRef = ED305AA11BA1A69B008FAD0C /* AFURLSessionManager.m */; };
		ED305AB21BA1B14B008FAD0C /* libdtdev.a in Frameworks */ = {isa = PBXBuildFile; fileRef = ED305AB01BA1B14B008FAD0C /* libdtdev.a */; };
		ED305AB41BA1B15F008FAD0C /* ExternalAccessory.framework in Frameworks */ = {isa = PBXBuildFile; fileRef = ED305AB31BA1B15F008FAD0C /* ExternalAccessory.framework */; };
		ED305AB81BA2C840008FAD0C /* XMLReader.m in Sources */ = {isa = PBXBuildFile; fileRef = ED305AB71BA2C840008FAD0C /* XMLReader.m */; };
		ED305B2A1BA7F6B1008FAD0C /* NCMExpiditer.m in Sources */ = {isa = PBXBuildFile; fileRef = ED305B291BA7F6B1008FAD0C /* NCMExpiditer.m */; };
		ED305B2E1BA80FB2008FAD0C /* MBProgressHUD.m in Sources */ = {isa = PBXBuildFile; fileRef = ED305B2D1BA80FB2008FAD0C /* MBProgressHUD.m */; };
		ED305B321BA80FC6008FAD0C /* Reachability.m in Sources */ = {isa = PBXBuildFile; fileRef = ED305B311BA80FC6008FAD0C /* Reachability.m */; };
		ED305B3C1BA84549008FAD0C /* UICustomPicker.m in Sources */ = {isa = PBXBuildFile; fileRef = ED305B371BA84549008FAD0C /* UICustomPicker.m */; };
		ED305B3E1BA84549008FAD0C /* SWActionSheet.m in Sources */ = {isa = PBXBuildFile; fileRef = ED305B3B1BA84549008FAD0C /* SWActionSheet.m */; };
		ED305B471BA8454F008FAD0C /* TPKeyboardAvoidingCollectionView.m in Sources */ = {isa = PBXBuildFile; fileRef = ED305B401BA8454F008FAD0C /* TPKeyboardAvoidingCollectionView.m */; };
		ED305B481BA8454F008FAD0C /* TPKeyboardAvoidingScrollView.m in Sources */ = {isa = PBXBuildFile; fileRef = ED305B421BA8454F008FAD0C /* TPKeyboardAvoidingScrollView.m */; };
		ED305B491BA8454F008FAD0C /* TPKeyboardAvoidingTableView.m in Sources */ = {isa = PBXBuildFile; fileRef = ED305B441BA8454F008FAD0C /* TPKeyboardAvoidingTableView.m */; };
		ED305B4A1BA8454F008FAD0C /* UIScrollView+TPKeyboardAvoidingAdditions.m in Sources */ = {isa = PBXBuildFile; fileRef = ED305B461BA8454F008FAD0C /* UIScrollView+TPKeyboardAvoidingAdditions.m */; };
/* End PBXBuildFile section */

/* Begin PBXContainerItemProxy section */
		ED305A511BA150A6008FAD0C /* PBXContainerItemProxy */ = {
			isa = PBXContainerItemProxy;
			containerPortal = ED305A2C1BA150A6008FAD0C /* Project object */;
			proxyType = 1;
			remoteGlobalIDString = ED305A331BA150A6008FAD0C;
			remoteInfo = ShopFloor;
		};
/* End PBXContainerItemProxy section */

/* Begin PBXFileReference section */
		ED305A341BA150A6008FAD0C /* ShopFloor.app */ = {isa = PBXFileReference; explicitFileType = wrapper.application; includeInIndex = 0; path = ShopFloor.app; sourceTree = BUILT_PRODUCTS_DIR; };
		ED305A381BA150A6008FAD0C /* Info.plist */ = {isa = PBXFileReference; lastKnownFileType = text.plist.xml; path = Info.plist; sourceTree = "<group>"; };
		ED305A391BA150A6008FAD0C /* main.m */ = {isa = PBXFileReference; lastKnownFileType = sourcecode.c.objc; path = main.m; sourceTree = "<group>"; };
		ED305A3B1BA150A6008FAD0C /* AppDelegate.h */ = {isa = PBXFileReference; lastKnownFileType = sourcecode.c.h; path = AppDelegate.h; sourceTree = "<group>"; };
		ED305A3C1BA150A6008FAD0C /* AppDelegate.m */ = {isa = PBXFileReference; lastKnownFileType = sourcecode.c.objc; path = AppDelegate.m; sourceTree = "<group>"; };
		ED305A3F1BA150A6008FAD0C /* ShopFloor.xcdatamodel */ = {isa = PBXFileReference; lastKnownFileType = wrapper.xcdatamodel; path = ShopFloor.xcdatamodel; sourceTree = "<group>"; };
		ED305A451BA150A6008FAD0C /* Base */ = {isa = PBXFileReference; lastKnownFileType = file.storyboard; name = Base; path = Base.lproj/Main.storyboard; sourceTree = "<group>"; };
		ED305A471BA150A6008FAD0C /* Images.xcassets */ = {isa = PBXFileReference; lastKnownFileType = folder.assetcatalog; path = Images.xcassets; sourceTree = "<group>"; };
		ED305A4A1BA150A6008FAD0C /* Base */ = {isa = PBXFileReference; lastKnownFileType = file.xib; name = Base; path = Base.lproj/LaunchScreen.xib; sourceTree = "<group>"; };
		ED305A501BA150A6008FAD0C /* ShopFloorTests.xctest */ = {isa = PBXFileReference; explicitFileType = wrapper.cfbundle; includeInIndex = 0; path = ShopFloorTests.xctest; sourceTree = BUILT_PRODUCTS_DIR; };
		ED305A551BA150A6008FAD0C /* Info.plist */ = {isa = PBXFileReference; lastKnownFileType = text.plist.xml; path = Info.plist; sourceTree = "<group>"; };
		ED305A561BA150A6008FAD0C /* ShopFloorTests.m */ = {isa = PBXFileReference; lastKnownFileType = sourcecode.c.objc; path = ShopFloorTests.m; sourceTree = "<group>"; };
		ED305A601BA1514D008FAD0C /* LoginViewController.h */ = {isa = PBXFileReference; fileEncoding = 4; lastKnownFileType = sourcecode.c.h; path = LoginViewController.h; sourceTree = "<group>"; };
		ED305A611BA1514D008FAD0C /* LoginViewController.m */ = {isa = PBXFileReference; fileEncoding = 4; lastKnownFileType = sourcecode.c.objc; path = LoginViewController.m; sourceTree = "<group>"; };
		ED305A6C1BA15284008FAD0C /* Global.h */ = {isa = PBXFileReference; fileEncoding = 4; lastKnownFileType = sourcecode.c.h; path = Global.h; sourceTree = "<group>"; };
		ED305A6D1BA15284008FAD0C /* Global.m */ = {isa = PBXFileReference; fileEncoding = 4; lastKnownFileType = sourcecode.c.objc; path = Global.m; sourceTree = "<group>"; };
		ED305A721BA17D32008FAD0C /* TabBarViewController.h */ = {isa = PBXFileReference; fileEncoding = 4; lastKnownFileType = sourcecode.c.h; path = TabBarViewController.h; sourceTree = "<group>"; };
		ED305A731BA17D32008FAD0C /* TabBarViewController.m */ = {isa = PBXFileReference; fileEncoding = 4; lastKnownFileType = sourcecode.c.objc; path = TabBarViewController.m; sourceTree = "<group>"; };
		ED305A751BA17EE6008FAD0C /* DashboardViewController.h */ = {isa = PBXFileReference; fileEncoding = 4; lastKnownFileType = sourcecode.c.h; path = DashboardViewController.h; sourceTree = "<group>"; };
		ED305A761BA17EE6008FAD0C /* DashboardViewController.m */ = {isa = PBXFileReference; fileEncoding = 4; lastKnownFileType = sourcecode.c.objc; path = DashboardViewController.m; sourceTree = "<group>"; };
		ED305A781BA1812F008FAD0C /* ApplicationViewController.h */ = {isa = PBXFileReference; fileEncoding = 4; lastKnownFileType = sourcecode.c.h; path = ApplicationViewController.h; sourceTree = "<group>"; };
		ED305A791BA1812F008FAD0C /* ApplicationViewController.m */ = {isa = PBXFileReference; fileEncoding = 4; lastKnownFileType = sourcecode.c.objc; path = ApplicationViewController.m; sourceTree = "<group>"; };
		ED305A7B1BA18141008FAD0C /* ReportsViewController.h */ = {isa = PBXFileReference; fileEncoding = 4; lastKnownFileType = sourcecode.c.h; path = ReportsViewController.h; sourceTree = "<group>"; };
		ED305A7C1BA18141008FAD0C /* ReportsViewController.m */ = {isa = PBXFileReference; fileEncoding = 4; lastKnownFileType = sourcecode.c.objc; path = ReportsViewController.m; sourceTree = "<group>"; };
		ED305A7F1BA18906008FAD0C /* HomeTableViewCell.h */ = {isa = PBXFileReference; fileEncoding = 4; lastKnownFileType = sourcecode.c.h; path = HomeTableViewCell.h; sourceTree = "<group>"; };
		ED305A801BA18906008FAD0C /* HomeTableViewCell.m */ = {isa = PBXFileReference; fileEncoding = 4; lastKnownFileType = sourcecode.c.objc; path = HomeTableViewCell.m; sourceTree = "<group>"; };
		ED305A821BA189DF008FAD0C /* NCMViewController.h */ = {isa = PBXFileReference; fileEncoding = 4; lastKnownFileType = sourcecode.c.h; path = NCMViewController.h; sourceTree = "<group>"; };
		ED305A831BA189DF008FAD0C /* NCMViewController.m */ = {isa = PBXFileReference; fileEncoding = 4; lastKnownFileType = sourcecode.c.objc; path = NCMViewController.m; sourceTree = "<group>"; };
		ED305A851BA190E7008FAD0C /* VersionViewController.h */ = {isa = PBXFileReference; fileEncoding = 4; lastKnownFileType = sourcecode.c.h; path = VersionViewController.h; sourceTree = "<group>"; };
		ED305A861BA190E7008FAD0C /* VersionViewController.m */ = {isa = PBXFileReference; fileEncoding = 4; lastKnownFileType = sourcecode.c.objc; path = VersionViewController.m; sourceTree = "<group>"; };
		ED305A881BA1A378008FAD0C /* PrinterViewController.h */ = {isa = PBXFileReference; fileEncoding = 4; lastKnownFileType = sourcecode.c.h; path = PrinterViewController.h; sourceTree = "<group>"; };
		ED305A891BA1A378008FAD0C /* PrinterViewController.m */ = {isa = PBXFileReference; fileEncoding = 4; lastKnownFileType = sourcecode.c.objc; path = PrinterViewController.m; sourceTree = "<group>"; };
		ED305A8B1BA1A674008FAD0C /* APIsManager.h */ = {isa = PBXFileReference; fileEncoding = 4; lastKnownFileType = sourcecode.c.h; path = APIsManager.h; sourceTree = "<group>"; };
		ED305A8C1BA1A674008FAD0C /* APIsManager.m */ = {isa = PBXFileReference; fileEncoding = 4; lastKnownFileType = sourcecode.c.objc; path = APIsManager.m; sourceTree = "<group>"; };
		ED305A8F1BA1A69B008FAD0C /* AFHTTPRequestOperation.h */ = {isa = PBXFileReference; fileEncoding = 4; lastKnownFileType = sourcecode.c.h; path = AFHTTPRequestOperation.h; sourceTree = "<group>"; };
		ED305A901BA1A69B008FAD0C /* AFHTTPRequestOperation.m */ = {isa = PBXFileReference; fileEncoding = 4; lastKnownFileType = sourcecode.c.objc; path = AFHTTPRequestOperation.m; sourceTree = "<group>"; };
		ED305A911BA1A69B008FAD0C /* AFHTTPRequestOperationManager.h */ = {isa = PBXFileReference; fileEncoding = 4; lastKnownFileType = sourcecode.c.h; path = AFHTTPRequestOperationManager.h; sourceTree = "<group>"; };
		ED305A921BA1A69B008FAD0C /* AFHTTPRequestOperationManager.m */ = {isa = PBXFileReference; fileEncoding = 4; lastKnownFileType = sourcecode.c.objc; path = AFHTTPRequestOperationManager.m; sourceTree = "<group>"; };
		ED305A931BA1A69B008FAD0C /* AFHTTPSessionManager.h */ = {isa = PBXFileReference; fileEncoding = 4; lastKnownFileType = sourcecode.c.h; path = AFHTTPSessionManager.h; sourceTree = "<group>"; };
		ED305A941BA1A69B008FAD0C /* AFHTTPSessionManager.m */ = {isa = PBXFileReference; fileEncoding = 4; lastKnownFileType = sourcecode.c.objc; path = AFHTTPSessionManager.m; sourceTree = "<group>"; };
		ED305A951BA1A69B008FAD0C /* AFNetworking.h */ = {isa = PBXFileReference; fileEncoding = 4; lastKnownFileType = sourcecode.c.h; path = AFNetworking.h; sourceTree = "<group>"; };
		ED305A961BA1A69B008FAD0C /* AFNetworkReachabilityManager.h */ = {isa = PBXFileReference; fileEncoding = 4; lastKnownFileType = sourcecode.c.h; path = AFNetworkReachabilityManager.h; sourceTree = "<group>"; };
		ED305A971BA1A69B008FAD0C /* AFNetworkReachabilityManager.m */ = {isa = PBXFileReference; fileEncoding = 4; lastKnownFileType = sourcecode.c.objc; path = AFNetworkReachabilityManager.m; sourceTree = "<group>"; };
		ED305A981BA1A69B008FAD0C /* AFSecurityPolicy.h */ = {isa = PBXFileReference; fileEncoding = 4; lastKnownFileType = sourcecode.c.h; path = AFSecurityPolicy.h; sourceTree = "<group>"; };
		ED305A991BA1A69B008FAD0C /* AFSecurityPolicy.m */ = {isa = PBXFileReference; fileEncoding = 4; lastKnownFileType = sourcecode.c.objc; path = AFSecurityPolicy.m; sourceTree = "<group>"; };
		ED305A9A1BA1A69B008FAD0C /* AFURLConnectionOperation.h */ = {isa = PBXFileReference; fileEncoding = 4; lastKnownFileType = sourcecode.c.h; path = AFURLConnectionOperation.h; sourceTree = "<group>"; };
		ED305A9B1BA1A69B008FAD0C /* AFURLConnectionOperation.m */ = {isa = PBXFileReference; fileEncoding = 4; lastKnownFileType = sourcecode.c.objc; path = AFURLConnectionOperation.m; sourceTree = "<group>"; };
		ED305A9C1BA1A69B008FAD0C /* AFURLRequestSerialization.h */ = {isa = PBXFileReference; fileEncoding = 4; lastKnownFileType = sourcecode.c.h; path = AFURLRequestSerialization.h; sourceTree = "<group>"; };
		ED305A9D1BA1A69B008FAD0C /* AFURLRequestSerialization.m */ = {isa = PBXFileReference; fileEncoding = 4; lastKnownFileType = sourcecode.c.objc; path = AFURLRequestSerialization.m; sourceTree = "<group>"; };
		ED305A9E1BA1A69B008FAD0C /* AFURLResponseSerialization.h */ = {isa = PBXFileReference; fileEncoding = 4; lastKnownFileType = sourcecode.c.h; path = AFURLResponseSerialization.h; sourceTree = "<group>"; };
		ED305A9F1BA1A69B008FAD0C /* AFURLResponseSerialization.m */ = {isa = PBXFileReference; fileEncoding = 4; lastKnownFileType = sourcecode.c.objc; path = AFURLResponseSerialization.m; sourceTree = "<group>"; };
		ED305AA01BA1A69B008FAD0C /* AFURLSessionManager.h */ = {isa = PBXFileReference; fileEncoding = 4; lastKnownFileType = sourcecode.c.h; path = AFURLSessionManager.h; sourceTree = "<group>"; };
		ED305AA11BA1A69B008FAD0C /* AFURLSessionManager.m */ = {isa = PBXFileReference; fileEncoding = 4; lastKnownFileType = sourcecode.c.objc; path = AFURLSessionManager.m; sourceTree = "<group>"; };
		ED305AAB1BA1A6FB008FAD0C /* Constants.h */ = {isa = PBXFileReference; fileEncoding = 4; lastKnownFileType = sourcecode.c.h; path = Constants.h; sourceTree = "<group>"; };
		ED305AB01BA1B14B008FAD0C /* libdtdev.a */ = {isa = PBXFileReference; lastKnownFileType = archive.ar; path = libdtdev.a; sourceTree = "<group>"; };
		ED305AB11BA1B14B008FAD0C /* LineaSDK.h */ = {isa = PBXFileReference; fileEncoding = 4; lastKnownFileType = sourcecode.c.h; path = LineaSDK.h; sourceTree = "<group>"; };
		ED305AB31BA1B15F008FAD0C /* ExternalAccessory.framework */ = {isa = PBXFileReference; lastKnownFileType = wrapper.framework; name = ExternalAccessory.framework; path = System/Library/Frameworks/ExternalAccessory.framework; sourceTree = SDKROOT; };
		ED305AB61BA2C840008FAD0C /* XMLReader.h */ = {isa = PBXFileReference; fileEncoding = 4; lastKnownFileType = sourcecode.c.h; path = XMLReader.h; sourceTree = "<group>"; };
		ED305AB71BA2C840008FAD0C /* XMLReader.m */ = {isa = PBXFileReference; fileEncoding = 4; lastKnownFileType = sourcecode.c.objc; path = XMLReader.m; sourceTree = "<group>"; };
		ED305B281BA7F6B1008FAD0C /* NCMExpiditer.h */ = {isa = PBXFileReference; fileEncoding = 4; lastKnownFileType = sourcecode.c.h; path = NCMExpiditer.h; sourceTree = "<group>"; };
		ED305B291BA7F6B1008FAD0C /* NCMExpiditer.m */ = {isa = PBXFileReference; fileEncoding = 4; lastKnownFileType = sourcecode.c.objc; path = NCMExpiditer.m; sourceTree = "<group>"; };
		ED305B2C1BA80FB2008FAD0C /* MBProgressHUD.h */ = {isa = PBXFileReference; fileEncoding = 4; lastKnownFileType = sourcecode.c.h; path = MBProgressHUD.h; sourceTree = "<group>"; };
		ED305B2D1BA80FB2008FAD0C /* MBProgressHUD.m */ = {isa = PBXFileReference; fileEncoding = 4; lastKnownFileType = sourcecode.c.objc; path = MBProgressHUD.m; sourceTree = "<group>"; };
		ED305B301BA80FC6008FAD0C /* Reachability.h */ = {isa = PBXFileReference; fileEncoding = 4; lastKnownFileType = sourcecode.c.h; path = Reachability.h; sourceTree = "<group>"; };
		ED305B311BA80FC6008FAD0C /* Reachability.m */ = {isa = PBXFileReference; fileEncoding = 4; lastKnownFileType = sourcecode.c.objc; path = Reachability.m; sourceTree = "<group>"; };
		ED305B361BA84549008FAD0C /* UICustomPicker.h */ = {isa = PBXFileReference; fileEncoding = 4; lastKnownFileType = sourcecode.c.h; path = UICustomPicker.h; sourceTree = "<group>"; };
		ED305B371BA84549008FAD0C /* UICustomPicker.m */ = {isa = PBXFileReference; fileEncoding = 4; lastKnownFileType = sourcecode.c.objc; path = UICustomPicker.m; sourceTree = "<group>"; };
		ED305B3A1BA84549008FAD0C /* SWActionSheet.h */ = {isa = PBXFileReference; fileEncoding = 4; lastKnownFileType = sourcecode.c.h; path = SWActionSheet.h; sourceTree = "<group>"; };
		ED305B3B1BA84549008FAD0C /* SWActionSheet.m */ = {isa = PBXFileReference; fileEncoding = 4; lastKnownFileType = sourcecode.c.objc; path = SWActionSheet.m; sourceTree = "<group>"; };
		ED305B3F1BA8454F008FAD0C /* TPKeyboardAvoidingCollectionView.h */ = {isa = PBXFileReference; fileEncoding = 4; lastKnownFileType = sourcecode.c.h; path = TPKeyboardAvoidingCollectionView.h; sourceTree = "<group>"; };
		ED305B401BA8454F008FAD0C /* TPKeyboardAvoidingCollectionView.m */ = {isa = PBXFileReference; fileEncoding = 4; lastKnownFileType = sourcecode.c.objc; path = TPKeyboardAvoidingCollectionView.m; sourceTree = "<group>"; };
		ED305B411BA8454F008FAD0C /* TPKeyboardAvoidingScrollView.h */ = {isa = PBXFileReference; fileEncoding = 4; lastKnownFileType = sourcecode.c.h; path = TPKeyboardAvoidingScrollView.h; sourceTree = "<group>"; };
		ED305B421BA8454F008FAD0C /* TPKeyboardAvoidingScrollView.m */ = {isa = PBXFileReference; fileEncoding = 4; lastKnownFileType = sourcecode.c.objc; path = TPKeyboardAvoidingScrollView.m; sourceTree = "<group>"; };
		ED305B431BA8454F008FAD0C /* TPKeyboardAvoidingTableView.h */ = {isa = PBXFileReference; fileEncoding = 4; lastKnownFileType = sourcecode.c.h; path = TPKeyboardAvoidingTableView.h; sourceTree = "<group>"; };
		ED305B441BA8454F008FAD0C /* TPKeyboardAvoidingTableView.m */ = {isa = PBXFileReference; fileEncoding = 4; lastKnownFileType = sourcecode.c.objc; path = TPKeyboardAvoidingTableView.m; sourceTree = "<group>"; };
		ED305B451BA8454F008FAD0C /* UIScrollView+TPKeyboardAvoidingAdditions.h */ = {isa = PBXFileReference; fileEncoding = 4; lastKnownFileType = sourcecode.c.h; path = "UIScrollView+TPKeyboardAvoidingAdditions.h"; sourceTree = "<group>"; };
		ED305B461BA8454F008FAD0C /* UIScrollView+TPKeyboardAvoidingAdditions.m */ = {isa = PBXFileReference; fileEncoding = 4; lastKnownFileType = sourcecode.c.objc; path = "UIScrollView+TPKeyboardAvoidingAdditions.m"; sourceTree = "<group>"; };
/* End PBXFileReference section */

/* Begin PBXFrameworksBuildPhase section */
		ED305A311BA150A6008FAD0C /* Frameworks */ = {
			isa = PBXFrameworksBuildPhase;
			buildActionMask = 2147483647;
			files = (
				ED305AB41BA1B15F008FAD0C /* ExternalAccessory.framework in Frameworks */,
				ED305AB21BA1B14B008FAD0C /* libdtdev.a in Frameworks */,
			);
			runOnlyForDeploymentPostprocessing = 0;
		};
		ED305A4D1BA150A6008FAD0C /* Frameworks */ = {
			isa = PBXFrameworksBuildPhase;
			buildActionMask = 2147483647;
			files = (
			);
			runOnlyForDeploymentPostprocessing = 0;
		};
/* End PBXFrameworksBuildPhase section */

/* Begin PBXGroup section */
		ED305A2B1BA150A6008FAD0C = {
			isa = PBXGroup;
			children = (
				ED305AB31BA1B15F008FAD0C /* ExternalAccessory.framework */,
				ED305A361BA150A6008FAD0C /* ShopFloor */,
				ED305A531BA150A6008FAD0C /* ShopFloorTests */,
				ED305A351BA150A6008FAD0C /* Products */,
			);
			sourceTree = "<group>";
		};
		ED305A351BA150A6008FAD0C /* Products */ = {
			isa = PBXGroup;
			children = (
				ED305A341BA150A6008FAD0C /* ShopFloor.app */,
				ED305A501BA150A6008FAD0C /* ShopFloorTests.xctest */,
			);
			name = Products;
			sourceTree = "<group>";
		};
		ED305A361BA150A6008FAD0C /* ShopFloor */ = {
			isa = PBXGroup;
			children = (
				ED305A681BA15239008FAD0C /* HelperClasses */,
				ED305A671BA1522E008FAD0C /* BussinessLayer */,
				ED305A661BA15220008FAD0C /* ApplicationLayer */,
				ED305A651BA15209008FAD0C /* DataLayer */,
				ED305A3B1BA150A6008FAD0C /* AppDelegate.h */,
				ED305A3C1BA150A6008FAD0C /* AppDelegate.m */,
				ED305A441BA150A6008FAD0C /* Main.storyboard */,
				ED305A471BA150A6008FAD0C /* Images.xcassets */,
				ED305A491BA150A6008FAD0C /* LaunchScreen.xib */,
				ED305A3E1BA150A6008FAD0C /* ShopFloor.xcdatamodeld */,
				ED305A371BA150A6008FAD0C /* Supporting Files */,
			);
			path = ShopFloor;
			sourceTree = "<group>";
		};
		ED305A371BA150A6008FAD0C /* Supporting Files */ = {
			isa = PBXGroup;
			children = (
				ED305A381BA150A6008FAD0C /* Info.plist */,
				ED305A391BA150A6008FAD0C /* main.m */,
			);
			name = "Supporting Files";
			sourceTree = "<group>";
		};
		ED305A531BA150A6008FAD0C /* ShopFloorTests */ = {
			isa = PBXGroup;
			children = (
				ED305A561BA150A6008FAD0C /* ShopFloorTests.m */,
				ED305A541BA150A6008FAD0C /* Supporting Files */,
			);
			path = ShopFloorTests;
			sourceTree = "<group>";
		};
		ED305A541BA150A6008FAD0C /* Supporting Files */ = {
			isa = PBXGroup;
			children = (
				ED305A551BA150A6008FAD0C /* Info.plist */,
			);
			name = "Supporting Files";
			sourceTree = "<group>";
		};
		ED305A651BA15209008FAD0C /* DataLayer */ = {
			isa = PBXGroup;
			children = (
				ED305B281BA7F6B1008FAD0C /* NCMExpiditer.h */,
				ED305B291BA7F6B1008FAD0C /* NCMExpiditer.m */,
			);
			name = DataLayer;
			sourceTree = "<group>";
		};
		ED305A661BA15220008FAD0C /* ApplicationLayer */ = {
			isa = PBXGroup;
			children = (
				ED305A7E1BA188D6008FAD0C /* CustomClasses */,
				ED305A601BA1514D008FAD0C /* LoginViewController.h */,
				ED305A611BA1514D008FAD0C /* LoginViewController.m */,
				ED305A721BA17D32008FAD0C /* TabBarViewController.h */,
				ED305A731BA17D32008FAD0C /* TabBarViewController.m */,
				ED305A751BA17EE6008FAD0C /* DashboardViewController.h */,
				ED305A761BA17EE6008FAD0C /* DashboardViewController.m */,
				ED305A781BA1812F008FAD0C /* ApplicationViewController.h */,
				ED305A791BA1812F008FAD0C /* ApplicationViewController.m */,
				ED305A7B1BA18141008FAD0C /* ReportsViewController.h */,
				ED305A7C1BA18141008FAD0C /* ReportsViewController.m */,
				ED305A821BA189DF008FAD0C /* NCMViewController.h */,
				ED305A831BA189DF008FAD0C /* NCMViewController.m */,
				ED305A851BA190E7008FAD0C /* VersionViewController.h */,
				ED305A861BA190E7008FAD0C /* VersionViewController.m */,
				ED305A881BA1A378008FAD0C /* PrinterViewController.h */,
				ED305A891BA1A378008FAD0C /* PrinterViewController.m */,
			);
			name = ApplicationLayer;
			sourceTree = "<group>";
		};
		ED305A671BA1522E008FAD0C /* BussinessLayer */ = {
			isa = PBXGroup;
			children = (
				ED305A8B1BA1A674008FAD0C /* APIsManager.h */,
				ED305A8C1BA1A674008FAD0C /* APIsManager.m */,
			);
			name = BussinessLayer;
			sourceTree = "<group>";
		};
		ED305A681BA15239008FAD0C /* HelperClasses */ = {
			isa = PBXGroup;
			children = (
				ED305B331BA84523008FAD0C /* CustomPicker */,
				ED305B2F1BA80FBA008FAD0C /* Reachability */,
				ED305B2B1BA80F9D008FAD0C /* CustomActivityIndicator */,
				ED305AB91BA2EC6F008FAD0C /* Images */,
				ED305AB51BA2C82E008FAD0C /* XMLParser */,
				ED305AAF1BA1B13C008FAD0C /* LineaPro */,
				ED305A8E1BA1A68A008FAD0C /* AFNetworking */,
				ED305A6C1BA15284008FAD0C /* Global.h */,
				ED305A6D1BA15284008FAD0C /* Global.m */,
				ED305AAB1BA1A6FB008FAD0C /* Constants.h */,
			);
			name = HelperClasses;
			sourceTree = "<group>";
		};
		ED305A7E1BA188D6008FAD0C /* CustomClasses */ = {
			isa = PBXGroup;
			children = (
				ED305A7F1BA18906008FAD0C /* HomeTableViewCell.h */,
				ED305A801BA18906008FAD0C /* HomeTableViewCell.m */,
			);
			name = CustomClasses;
			sourceTree = "<group>";
		};
		ED305A8E1BA1A68A008FAD0C /* AFNetworking */ = {
			isa = PBXGroup;
			children = (
				ED305A8F1BA1A69B008FAD0C /* AFHTTPRequestOperation.h */,
				ED305A901BA1A69B008FAD0C /* AFHTTPRequestOperation.m */,
				ED305A911BA1A69B008FAD0C /* AFHTTPRequestOperationManager.h */,
				ED305A921BA1A69B008FAD0C /* AFHTTPRequestOperationManager.m */,
				ED305A931BA1A69B008FAD0C /* AFHTTPSessionManager.h */,
				ED305A941BA1A69B008FAD0C /* AFHTTPSessionManager.m */,
				ED305A951BA1A69B008FAD0C /* AFNetworking.h */,
				ED305A961BA1A69B008FAD0C /* AFNetworkReachabilityManager.h */,
				ED305A971BA1A69B008FAD0C /* AFNetworkReachabilityManager.m */,
				ED305A981BA1A69B008FAD0C /* AFSecurityPolicy.h */,
				ED305A991BA1A69B008FAD0C /* AFSecurityPolicy.m */,
				ED305A9A1BA1A69B008FAD0C /* AFURLConnectionOperation.h */,
				ED305A9B1BA1A69B008FAD0C /* AFURLConnectionOperation.m */,
				ED305A9C1BA1A69B008FAD0C /* AFURLRequestSerialization.h */,
				ED305A9D1BA1A69B008FAD0C /* AFURLRequestSerialization.m */,
				ED305A9E1BA1A69B008FAD0C /* AFURLResponseSerialization.h */,
				ED305A9F1BA1A69B008FAD0C /* AFURLResponseSerialization.m */,
				ED305AA01BA1A69B008FAD0C /* AFURLSessionManager.h */,
				ED305AA11BA1A69B008FAD0C /* AFURLSessionManager.m */,
			);
			name = AFNetworking;
			sourceTree = "<group>";
		};
		ED305AAF1BA1B13C008FAD0C /* LineaPro */ = {
			isa = PBXGroup;
			children = (
				ED305AB01BA1B14B008FAD0C /* libdtdev.a */,
				ED305AB11BA1B14B008FAD0C /* LineaSDK.h */,
			);
			name = LineaPro;
			sourceTree = "<group>";
		};
		ED305AB51BA2C82E008FAD0C /* XMLParser */ = {
			isa = PBXGroup;
			children = (
				ED305AB61BA2C840008FAD0C /* XMLReader.h */,
				ED305AB71BA2C840008FAD0C /* XMLReader.m */,
			);
			name = XMLParser;
			sourceTree = "<group>";
		};
		ED305AB91BA2EC6F008FAD0C /* Images */ = {
			isa = PBXGroup;
			children = (
			);
			name = Images;
			sourceTree = "<group>";
		};
		ED305B2B1BA80F9D008FAD0C /* CustomActivityIndicator */ = {
			isa = PBXGroup;
			children = (
				ED305B2C1BA80FB2008FAD0C /* MBProgressHUD.h */,
				ED305B2D1BA80FB2008FAD0C /* MBProgressHUD.m */,
			);
			name = CustomActivityIndicator;
			sourceTree = "<group>";
		};
		ED305B2F1BA80FBA008FAD0C /* Reachability */ = {
			isa = PBXGroup;
			children = (
				ED305B301BA80FC6008FAD0C /* Reachability.h */,
				ED305B311BA80FC6008FAD0C /* Reachability.m */,
			);
			name = Reachability;
			sourceTree = "<group>";
		};
		ED305B331BA84523008FAD0C /* CustomPicker */ = {
			isa = PBXGroup;
			children = (
				ED305B351BA84539008FAD0C /* SWActionSheet */,
				ED305B341BA8452E008FAD0C /* TPKeyboardAvoiding */,
			);
			name = CustomPicker;
			sourceTree = "<group>";
		};
		ED305B341BA8452E008FAD0C /* TPKeyboardAvoiding */ = {
			isa = PBXGroup;
			children = (
				ED305B3F1BA8454F008FAD0C /* TPKeyboardAvoidingCollectionView.h */,
				ED305B401BA8454F008FAD0C /* TPKeyboardAvoidingCollectionView.m */,
				ED305B411BA8454F008FAD0C /* TPKeyboardAvoidingScrollView.h */,
				ED305B421BA8454F008FAD0C /* TPKeyboardAvoidingScrollView.m */,
				ED305B431BA8454F008FAD0C /* TPKeyboardAvoidingTableView.h */,
				ED305B441BA8454F008FAD0C /* TPKeyboardAvoidingTableView.m */,
				ED305B451BA8454F008FAD0C /* UIScrollView+TPKeyboardAvoidingAdditions.h */,
				ED305B461BA8454F008FAD0C /* UIScrollView+TPKeyboardAvoidingAdditions.m */,
			);
			name = TPKeyboardAvoiding;
			sourceTree = "<group>";
		};
		ED305B351BA84539008FAD0C /* SWActionSheet */ = {
			isa = PBXGroup;
			children = (
				ED305B361BA84549008FAD0C /* UICustomPicker.h */,
				ED305B371BA84549008FAD0C /* UICustomPicker.m */,
				ED305B3A1BA84549008FAD0C /* SWActionSheet.h */,
				ED305B3B1BA84549008FAD0C /* SWActionSheet.m */,
			);
			name = SWActionSheet;
			sourceTree = "<group>";
		};
/* End PBXGroup section */

/* Begin PBXNativeTarget section */
		ED305A331BA150A6008FAD0C /* ShopFloor */ = {
			isa = PBXNativeTarget;
			buildConfigurationList = ED305A5A1BA150A6008FAD0C /* Build configuration list for PBXNativeTarget "ShopFloor" */;
			buildPhases = (
				ED305A301BA150A6008FAD0C /* Sources */,
				ED305A311BA150A6008FAD0C /* Frameworks */,
				ED305A321BA150A6008FAD0C /* Resources */,
			);
			buildRules = (
			);
			dependencies = (
			);
			name = ShopFloor;
			productName = ShopFloor;
			productReference = ED305A341BA150A6008FAD0C /* ShopFloor.app */;
			productType = "com.apple.product-type.application";
		};
		ED305A4F1BA150A6008FAD0C /* ShopFloorTests */ = {
			isa = PBXNativeTarget;
			buildConfigurationList = ED305A5D1BA150A6008FAD0C /* Build configuration list for PBXNativeTarget "ShopFloorTests" */;
			buildPhases = (
				ED305A4C1BA150A6008FAD0C /* Sources */,
				ED305A4D1BA150A6008FAD0C /* Frameworks */,
				ED305A4E1BA150A6008FAD0C /* Resources */,
			);
			buildRules = (
			);
			dependencies = (
				ED305A521BA150A6008FAD0C /* PBXTargetDependency */,
			);
			name = ShopFloorTests;
			productName = ShopFloorTests;
			productReference = ED305A501BA150A6008FAD0C /* ShopFloorTests.xctest */;
			productType = "com.apple.product-type.bundle.unit-test";
		};
/* End PBXNativeTarget section */

/* Begin PBXProject section */
		ED305A2C1BA150A6008FAD0C /* Project object */ = {
			isa = PBXProject;
			attributes = {
				LastUpgradeCheck = 0640;
				ORGANIZATIONNAME = Infosys;
				TargetAttributes = {
					ED305A331BA150A6008FAD0C = {
						CreatedOnToolsVersion = 6.4;
					};
					ED305A4F1BA150A6008FAD0C = {
						CreatedOnToolsVersion = 6.4;
						TestTargetID = ED305A331BA150A6008FAD0C;
					};
				};
			};
			buildConfigurationList = ED305A2F1BA150A6008FAD0C /* Build configuration list for PBXProject "ShopFloor" */;
			compatibilityVersion = "Xcode 3.2";
			developmentRegion = English;
			hasScannedForEncodings = 0;
			knownRegions = (
				en,
				Base,
			);
			mainGroup = ED305A2B1BA150A6008FAD0C;
			productRefGroup = ED305A351BA150A6008FAD0C /* Products */;
			projectDirPath = "";
			projectRoot = "";
			targets = (
				ED305A331BA150A6008FAD0C /* ShopFloor */,
				ED305A4F1BA150A6008FAD0C /* ShopFloorTests */,
			);
		};
/* End PBXProject section */

/* Begin PBXResourcesBuildPhase section */
		ED305A321BA150A6008FAD0C /* Resources */ = {
			isa = PBXResourcesBuildPhase;
			buildActionMask = 2147483647;
			files = (
				ED305A461BA150A6008FAD0C /* Main.storyboard in Resources */,
				ED305A4B1BA150A6008FAD0C /* LaunchScreen.xib in Resources */,
				ED305A481BA150A6008FAD0C /* Images.xcassets in Resources */,
			);
			runOnlyForDeploymentPostprocessing = 0;
		};
		ED305A4E1BA150A6008FAD0C /* Resources */ = {
			isa = PBXResourcesBuildPhase;
			buildActionMask = 2147483647;
			files = (
			);
			runOnlyForDeploymentPostprocessing = 0;
		};
/* End PBXResourcesBuildPhase section */

/* Begin PBXSourcesBuildPhase section */
		ED305A301BA150A6008FAD0C /* Sources */ = {
			isa = PBXSourcesBuildPhase;
			buildActionMask = 2147483647;
			files = (
				ED305A7D1BA18141008FAD0C /* ReportsViewController.m in Sources */,
				ED305A631BA1514D008FAD0C /* LoginViewController.m in Sources */,
				ED305A841BA189DF008FAD0C /* NCMViewController.m in Sources */,
				ED305B4A1BA8454F008FAD0C /* UIScrollView+TPKeyboardAvoidingAdditions.m in Sources */,
				ED305A811BA18906008FAD0C /* HomeTableViewCell.m in Sources */,
				ED305B3E1BA84549008FAD0C /* SWActionSheet.m in Sources */,
				ED305AA91BA1A69B008FAD0C /* AFURLResponseSerialization.m in Sources */,
				ED305AA71BA1A69B008FAD0C /* AFURLConnectionOperation.m in Sources */,
				ED305A8A1BA1A378008FAD0C /* PrinterViewController.m in Sources */,
				ED305B481BA8454F008FAD0C /* TPKeyboardAvoidingScrollView.m in Sources */,
				ED305A7A1BA1812F008FAD0C /* ApplicationViewController.m in Sources */,
				ED305AA31BA1A69B008FAD0C /* AFHTTPRequestOperationManager.m in Sources */,
				ED305B2E1BA80FB2008FAD0C /* MBProgressHUD.m in Sources */,
				ED305A3D1BA150A6008FAD0C /* AppDelegate.m in Sources */,
				ED305AB81BA2C840008FAD0C /* XMLReader.m in Sources */,
				ED305AA61BA1A69B008FAD0C /* AFSecurityPolicy.m in Sources */,
				ED305B2A1BA7F6B1008FAD0C /* NCMExpiditer.m in Sources */,
				ED305A6E1BA15284008FAD0C /* Global.m in Sources */,
				ED305A8D1BA1A674008FAD0C /* APIsManager.m in Sources */,
				ED305AA81BA1A69B008FAD0C /* AFURLRequestSerialization.m in Sources */,
				ED305AA51BA1A69B008FAD0C /* AFNetworkReachabilityManager.m in Sources */,
				ED305A871BA190E7008FAD0C /* VersionViewController.m in Sources */,
				ED305A771BA17EE6008FAD0C /* DashboardViewController.m in Sources */,
				ED305A401BA150A6008FAD0C /* ShopFloor.xcdatamodeld in Sources */,
				ED305AA21BA1A69B008FAD0C /* AFHTTPRequestOperation.m in Sources */,
				ED305B3C1BA84549008FAD0C /* UICustomPicker.m in Sources */,
				ED305A741BA17D32008FAD0C /* TabBarViewController.m in Sources */,
				ED305B471BA8454F008FAD0C /* TPKeyboardAvoidingCollectionView.m in Sources */,
				ED305AA41BA1A69B008FAD0C /* AFHTTPSessionManager.m in Sources */,
				ED305A3A1BA150A6008FAD0C /* main.m in Sources */,
				ED305B491BA8454F008FAD0C /* TPKeyboardAvoidingTableView.m in Sources */,
				ED305B321BA80FC6008FAD0C /* Reachability.m in Sources */,
				ED305AAA1BA1A69B008FAD0C /* AFURLSessionManager.m in Sources */,
			);
			runOnlyForDeploymentPostprocessing = 0;
		};
		ED305A4C1BA150A6008FAD0C /* Sources */ = {
			isa = PBXSourcesBuildPhase;
			buildActionMask = 2147483647;
			files = (
				ED305A571BA150A6008FAD0C /* ShopFloorTests.m in Sources */,
			);
			runOnlyForDeploymentPostprocessing = 0;
		};
/* End PBXSourcesBuildPhase section */

/* Begin PBXTargetDependency section */
		ED305A521BA150A6008FAD0C /* PBXTargetDependency */ = {
			isa = PBXTargetDependency;
			target = ED305A331BA150A6008FAD0C /* ShopFloor */;
			targetProxy = ED305A511BA150A6008FAD0C /* PBXContainerItemProxy */;
		};
/* End PBXTargetDependency section */

/* Begin PBXVariantGroup section */
		ED305A441BA150A6008FAD0C /* Main.storyboard */ = {
			isa = PBXVariantGroup;
			children = (
				ED305A451BA150A6008FAD0C /* Base */,
			);
			name = Main.storyboard;
			sourceTree = "<group>";
		};
		ED305A491BA150A6008FAD0C /* LaunchScreen.xib */ = {
			isa = PBXVariantGroup;
			children = (
				ED305A4A1BA150A6008FAD0C /* Base */,
			);
			name = LaunchScreen.xib;
			sourceTree = "<group>";
		};
/* End PBXVariantGroup section */

/* Begin XCBuildConfiguration section */
		ED305A581BA150A6008FAD0C /* Debug */ = {
			isa = XCBuildConfiguration;
			buildSettings = {
				ALWAYS_SEARCH_USER_PATHS = NO;
				CLANG_CXX_LANGUAGE_STANDARD = "gnu++0x";
				CLANG_CXX_LIBRARY = "libc++";
				CLANG_ENABLE_MODULES = YES;
				CLANG_ENABLE_OBJC_ARC = YES;
				CLANG_WARN_BOOL_CONVERSION = YES;
				CLANG_WARN_CONSTANT_CONVERSION = YES;
				CLANG_WARN_DIRECT_OBJC_ISA_USAGE = YES_ERROR;
				CLANG_WARN_EMPTY_BODY = YES;
				CLANG_WARN_ENUM_CONVERSION = YES;
				CLANG_WARN_INT_CONVERSION = YES;
				CLANG_WARN_OBJC_ROOT_CLASS = YES_ERROR;
				CLANG_WARN_UNREACHABLE_CODE = YES;
				CLANG_WARN__DUPLICATE_METHOD_MATCH = YES;
				CODE_SIGN_IDENTITY = "iPhone Developer: Harley Davidson (2KXVKND26C)";
				"CODE_SIGN_IDENTITY[sdk=iphoneos*]" = "iPhone Developer: Harley Davidson (2KXVKND26C)";
				COPY_PHASE_STRIP = NO;
				DEBUG_INFORMATION_FORMAT = "dwarf-with-dsym";
				ENABLE_STRICT_OBJC_MSGSEND = YES;
				GCC_C_LANGUAGE_STANDARD = gnu99;
				GCC_DYNAMIC_NO_PIC = NO;
				GCC_NO_COMMON_BLOCKS = YES;
				GCC_OPTIMIZATION_LEVEL = 0;
				GCC_PREPROCESSOR_DEFINITIONS = (
					"DEBUG=1",
					"$(inherited)",
				);
				GCC_SYMBOLS_PRIVATE_EXTERN = NO;
				GCC_WARN_64_TO_32_BIT_CONVERSION = YES;
				GCC_WARN_ABOUT_RETURN_TYPE = YES_ERROR;
				GCC_WARN_UNDECLARED_SELECTOR = YES;
				GCC_WARN_UNINITIALIZED_AUTOS = YES_AGGRESSIVE;
				GCC_WARN_UNUSED_FUNCTION = YES;
				GCC_WARN_UNUSED_VARIABLE = YES;
				IPHONEOS_DEPLOYMENT_TARGET = 7.0;
				MTL_ENABLE_DEBUG_INFO = YES;
				ONLY_ACTIVE_ARCH = YES;
				PROVISIONING_PROFILE = "c5bacf5d-f4bd-495b-8d6d-058ec4cddc28";
				SDKROOT = iphoneos;
				TARGETED_DEVICE_FAMILY = "1,2";
			};
			name = Debug;
		};
		ED305A591BA150A6008FAD0C /* Release */ = {
			isa = XCBuildConfiguration;
			buildSettings = {
				ALWAYS_SEARCH_USER_PATHS = NO;
				CLANG_CXX_LANGUAGE_STANDARD = "gnu++0x";
				CLANG_CXX_LIBRARY = "libc++";
				CLANG_ENABLE_MODULES = YES;
				CLANG_ENABLE_OBJC_ARC = YES;
				CLANG_WARN_BOOL_CONVERSION = YES;
				CLANG_WARN_CONSTANT_CONVERSION = YES;
				CLANG_WARN_DIRECT_OBJC_ISA_USAGE = YES_ERROR;
				CLANG_WARN_EMPTY_BODY = YES;
				CLANG_WARN_ENUM_CONVERSION = YES;
				CLANG_WARN_INT_CONVERSION = YES;
				CLANG_WARN_OBJC_ROOT_CLASS = YES_ERROR;
				CLANG_WARN_UNREACHABLE_CODE = YES;
				CLANG_WARN__DUPLICATE_METHOD_MATCH = YES;
				CODE_SIGN_IDENTITY = "iPhone Developer: Harley Davidson (2KXVKND26C)";
				"CODE_SIGN_IDENTITY[sdk=iphoneos*]" = "iPhone Developer: Harley Davidson (2KXVKND26C)";
				COPY_PHASE_STRIP = NO;
				DEBUG_INFORMATION_FORMAT = "dwarf-with-dsym";
				ENABLE_NS_ASSERTIONS = NO;
				ENABLE_STRICT_OBJC_MSGSEND = YES;
				GCC_C_LANGUAGE_STANDARD = gnu99;
				GCC_NO_COMMON_BLOCKS = YES;
				GCC_WARN_64_TO_32_BIT_CONVERSION = YES;
				GCC_WARN_ABOUT_RETURN_TYPE = YES_ERROR;
				GCC_WARN_UNDECLARED_SELECTOR = YES;
				GCC_WARN_UNINITIALIZED_AUTOS = YES_AGGRESSIVE;
				GCC_WARN_UNUSED_FUNCTION = YES;
				GCC_WARN_UNUSED_VARIABLE = YES;
				IPHONEOS_DEPLOYMENT_TARGET = 7.0;
				MTL_ENABLE_DEBUG_INFO = NO;
				PROVISIONING_PROFILE = "c5bacf5d-f4bd-495b-8d6d-058ec4cddc28";
				SDKROOT = iphoneos;
				TARGETED_DEVICE_FAMILY = "1,2";
				VALIDATE_PRODUCT = YES;
			};
			name = Release;
		};
		ED305A5B1BA150A6008FAD0C /* Debug */ = {
			isa = XCBuildConfiguration;
			buildSettings = {
				ASSETCATALOG_COMPILER_APPICON_NAME = AppIcon;
				ASSETCATALOG_COMPILER_LAUNCHIMAGE_NAME = LaunchImage;
				CODE_SIGN_IDENTITY = "iPhone Developer: Harley Davidson (2KXVKND26C)";
				"CODE_SIGN_IDENTITY[sdk=iphoneos*]" = "iPhone Developer: Harley Davidson (2KXVKND26C)";
				INFOPLIST_FILE = ShopFloor/Info.plist;
				LD_RUNPATH_SEARCH_PATHS = "$(inherited) @executable_path/Frameworks";
				LIBRARY_SEARCH_PATHS = (
					"$(inherited)",
					"$(PROJECT_DIR)/ShopFloor",
				);
				PRODUCT_NAME = "$(TARGET_NAME)";
				PROVISIONING_PROFILE = "c5bacf5d-f4bd-495b-8d6d-058ec4cddc28";
			};
			name = Debug;
		};
		ED305A5C1BA150A6008FAD0C /* Release */ = {
			isa = XCBuildConfiguration;
			buildSettings = {
				ASSETCATALOG_COMPILER_APPICON_NAME = AppIcon;
				ASSETCATALOG_COMPILER_LAUNCHIMAGE_NAME = LaunchImage;
				CODE_SIGN_IDENTITY = "iPhone Developer: Harley Davidson (2KXVKND26C)";
				"CODE_SIGN_IDENTITY[sdk=iphoneos*]" = "iPhone Developer: Harley Davidson (2KXVKND26C)";
				INFOPLIST_FILE = ShopFloor/Info.plist;
				LD_RUNPATH_SEARCH_PATHS = "$(inherited) @executable_path/Frameworks";
				LIBRARY_SEARCH_PATHS = (
					"$(inherited)",
					"$(PROJECT_DIR)/ShopFloor",
				);
				PRODUCT_NAME = "$(TARGET_NAME)";
				PROVISIONING_PROFILE = "c5bacf5d-f4bd-495b-8d6d-058ec4cddc28";
			};
			name = Release;
		};
		ED305A5E1BA150A6008FAD0C /* Debug */ = {
			isa = XCBuildConfiguration;
			buildSettings = {
				BUNDLE_LOADER = "$(TEST_HOST)";
				FRAMEWORK_SEARCH_PATHS = (
					"$(SDKROOT)/Developer/Library/Frameworks",
					"$(inherited)",
				);
				GCC_PREPROCESSOR_DEFINITIONS = (
					"DEBUG=1",
					"$(inherited)",
				);
				INFOPLIST_FILE = ShopFloorTests/Info.plist;
				LD_RUNPATH_SEARCH_PATHS = "$(inherited) @executable_path/Frameworks @loader_path/Frameworks";
				PRODUCT_NAME = "$(TARGET_NAME)";
				TEST_HOST = "$(BUILT_PRODUCTS_DIR)/ShopFloor.app/ShopFloor";
			};
			name = Debug;
		};
		ED305A5F1BA150A6008FAD0C /* Release */ = {
			isa = XCBuildConfiguration;
			buildSettings = {
				BUNDLE_LOADER = "$(TEST_HOST)";
				FRAMEWORK_SEARCH_PATHS = (
					"$(SDKROOT)/Developer/Library/Frameworks",
					"$(inherited)",
				);
				INFOPLIST_FILE = ShopFloorTests/Info.plist;
				LD_RUNPATH_SEARCH_PATHS = "$(inherited) @executable_path/Frameworks @loader_path/Frameworks";
				PRODUCT_NAME = "$(TARGET_NAME)";
				TEST_HOST = "$(BUILT_PRODUCTS_DIR)/ShopFloor.app/ShopFloor";
			};
			name = Release;
		};
/* End XCBuildConfiguration section */

/* Begin XCConfigurationList section */
		ED305A2F1BA150A6008FAD0C /* Build configuration list for PBXProject "ShopFloor" */ = {
			isa = XCConfigurationList;
			buildConfigurations = (
				ED305A581BA150A6008FAD0C /* Debug */,
				ED305A591BA150A6008FAD0C /* Release */,
			);
			defaultConfigurationIsVisible = 0;
			defaultConfigurationName = Release;
		};
		ED305A5A1BA150A6008FAD0C /* Build configuration list for PBXNativeTarget "ShopFloor" */ = {
			isa = XCConfigurationList;
			buildConfigurations = (
				ED305A5B1BA150A6008FAD0C /* Debug */,
				ED305A5C1BA150A6008FAD0C /* Release */,
			);
			defaultConfigurationIsVisible = 0;
			defaultConfigurationName = Release;
		};
		ED305A5D1BA150A6008FAD0C /* Build configuration list for PBXNativeTarget "ShopFloorTests" */ = {
			isa = XCConfigurationList;
			buildConfigurations = (
				ED305A5E1BA150A6008FAD0C /* Debug */,
				ED305A5F1BA150A6008FAD0C /* Release */,
			);
			defaultConfigurationIsVisible = 0;
			defaultConfigurationName = Release;
		};
/* End XCConfigurationList section */

/* Begin XCVersionGroup section */
		ED305A3E1BA150A6008FAD0C /* ShopFloor.xcdatamodeld */ = {
			isa = XCVersionGroup;
			children = (
				ED305A3F1BA150A6008FAD0C /* ShopFloor.xcdatamodel */,
			);
			currentVersion = ED305A3F1BA150A6008FAD0C /* ShopFloor.xcdatamodel */;
			path = ShopFloor.xcdatamodeld;
			sourceTree = "<group>";
			versionGroupType = wrapper.xcdatamodel;
		};
/* End XCVersionGroup section */
	};
	rootObject = ED305A2C1BA150A6008FAD0C /* Project object */;
}
